<?xml version="1.0" encoding="utf-8"?>
<Project ToolsVersion="4.0" xmlns="http://schemas.microsoft.com/developer/msbuild/2003">
  <ItemGroup>
    <ClCompile Include="src\OllamaGUI.cpp" />
    <ClCompile Include="src\OllamaAPI\OllamaClient.cpp">
      <Filter>OllamaAPI</Filter>
    </ClCompile>
    <ClCompile Include="src\OllamaAPI\OllamaUtils.cpp">
      <Filter>OllamaAPI</Filter>
    </ClCompile>
    <ClCompile Include="src\OllamaAPI\OllamaChat.cpp">
      <Filter>OllamaAPI</Filter>
    </ClCompile>
  </ItemGroup>
  <ItemGroup>
    <Filter Include="OllamaAPI">
      <UniqueIdentifier>{c1c27fe0-2ab4-4041-bfaa-702c4320fd14}</UniqueIdentifier>
    </Filter>
  </ItemGroup>
  <ItemGroup>
    <ClInclude Include="src\OllamaAPI\OllamaClient.h">
      <Filter>OllamaAPI</Filter>
    </ClInclude>
    <ClInclude Include="src\OllamaAPI\OllamaUtils.h">
      <Filter>OllamaAPI</Filter>
    </ClInclude>
    <ClInclude Include="src\OllamaAPI\OllamaChat.h">
      <Filter>OllamaAPI</Filter>
    </ClInclude>
  </ItemGroup>
</Project>